# THIS IS AN AUTOGENERATED FILE. DO NOT EDIT THIS FILE DIRECTLY.
# yarn lockfile v1


"@jridgewell/gen-mapping@^0.3.0":
  version "0.3.3"
  resolved "https://registry.npmjs.org/@jridgewell/gen-mapping/-/gen-mapping-0.3.3.tgz#7e02e6eb5df901aaedb08514203b096614024098"
  integrity sha512-HLhSWOLRi875zjjMG/r+Nv0oCW8umGb0BgEhyX3dDX3egwZtB8PqLnjz3yedt8R5StBrzcg4aBpnh8UA9D1BoQ==
  dependencies:
    "@jridgewell/set-array" "^1.0.1"
    "@jridgewell/sourcemap-codec" "^1.4.10"
    "@jridgewell/trace-mapping" "^0.3.9"

"@jridgewell/resolve-uri@^3.1.0":
  version "3.1.1"
  resolved "https://registry.npmjs.org/@jridgewell/resolve-uri/-/resolve-uri-3.1.1.tgz#c08679063f279615a3326583ba3a90d1d82cc721"
  integrity sha512-dSYZh7HhCDtCKm4QakX0xFpsRDqjjtZf/kjI/v3T3Nwt5r8/qz/M19F9ySyOqU94SXBmeG9ttTul+YnR4LOxFA==

"@jridgewell/set-array@^1.0.1":
  version "1.1.2"
  resolved "https://registry.npmjs.org/@jridgewell/set-array/-/set-array-1.1.2.tgz#7c6cf998d6d20b914c0a55a91ae928ff25965e72"
  integrity sha512-xnkseuNADM0gt2bs+BvhO0p78Mk762YnZdsuzFV018NoG1Sj1SCQvpSqa7XUaTam5vAGasABV9qXASMKnFMwMw==

"@jridgewell/source-map@^0.3.3":
  version "0.3.5"
  resolved "https://registry.npmjs.org/@jridgewell/source-map/-/source-map-0.3.5.tgz#a3bb4d5c6825aab0d281268f47f6ad5853431e91"
  integrity sha512-UTYAUj/wviwdsMfzoSJspJxbkH5o1snzwX0//0ENX1u/55kkZZkcTZP6u9bwKGkv+dkk9at4m1Cpt0uY80kcpQ==
  dependencies:
    "@jridgewell/gen-mapping" "^0.3.0"
    "@jridgewell/trace-mapping" "^0.3.9"

"@jridgewell/sourcemap-codec@^1.4.10", "@jridgewell/sourcemap-codec@^1.4.14":
  version "1.4.15"
  resolved "https://registry.npmjs.org/@jridgewell/sourcemap-codec/-/sourcemap-codec-1.4.15.tgz#d7c6e6755c78567a951e04ab52ef0fd26de59f32"
  integrity sha512-eF2rxCRulEKXHTRiDrDy6erMYWqNw4LPdQ8UQA4huuxaQsVeRPFl2oM8oDGxMFhJUWZf9McpLtJasDDZb/Bpeg==

"@jridgewell/trace-mapping@^0.3.9":
  version "0.3.20"
  resolved "https://registry.npmjs.org/@jridgewell/trace-mapping/-/trace-mapping-0.3.20.tgz#72e45707cf240fa6b081d0366f8265b0cd10197f"
  integrity sha512-R8LcPeWZol2zR8mmH3JeKQ6QRCFb7XgUhV9ZlGhHLGyg4wpPiPZNQOOWhFZhxKw8u//yTbNGI42Bx/3paXEQ+Q==
  dependencies:
    "@jridgewell/resolve-uri" "^3.1.0"
    "@jridgewell/sourcemap-codec" "^1.4.14"

"@rollup/plugin-node-resolve@^15.2.3":
  version "15.2.3"
  resolved "https://registry.npmjs.org/@rollup/plugin-node-resolve/-/plugin-node-resolve-15.2.3.tgz#e5e0b059bd85ca57489492f295ce88c2d4b0daf9"
  integrity sha512-j/lym8nf5E21LwBT4Df1VD6hRO2L2iwUeUmP7litikRsVp1H6NWx20NEp0Y7su+7XGc476GnXXc4kFeZNGmaSQ==
  dependencies:
    "@rollup/pluginutils" "^5.0.1"
    "@types/resolve" "1.20.2"
    deepmerge "^4.2.2"
    is-builtin-module "^3.2.1"
    is-module "^1.0.0"
    resolve "^1.22.1"

"@rollup/plugin-terser@^0.4.4":
  version "0.4.4"
  resolved "https://registry.npmjs.org/@rollup/plugin-terser/-/plugin-terser-0.4.4.tgz#15dffdb3f73f121aa4fbb37e7ca6be9aeea91962"
  integrity sha512-XHeJC5Bgvs8LfukDwWZp7yeqin6ns8RTl2B9avbejt6tZqsqvVoWI7ZTQrcNsfKEDWBTnTxM8nMDkO2IFFbd0A==
  dependencies:
    serialize-javascript "^6.0.1"
    smob "^1.0.0"
    terser "^5.17.4"

"@rollup/pluginutils@^5.0.1":
  version "5.1.0"
  resolved "https://registry.npmjs.org/@rollup/pluginutils/-/pluginutils-5.1.0.tgz#7e53eddc8c7f483a4ad0b94afb1f7f5fd3c771e0"
  integrity sha512-XTIWOPPcpvyKI6L1NHo0lFlCyznUEyPmPY1mc3KpPVDYulHSTvyeLNVW00QTLIAFNhR3kYnJTQHeGqU4M3n09g==
  dependencies:
    "@types/estree" "^1.0.0"
    estree-walker "^2.0.2"
    picomatch "^2.3.1"

"@rollup/rollup-android-arm-eabi@4.6.1":
  version "4.6.1"
  resolved "https://registry.npmjs.org/@rollup/rollup-android-arm-eabi/-/rollup-android-arm-eabi-4.6.1.tgz#0ea289f68ff248b50fea5716ca9f65f7d4dba3ae"
  integrity sha512-0WQ0ouLejaUCRsL93GD4uft3rOmB8qoQMU05Kb8CmMtMBe7XUDLAltxVZI1q6byNqEtU7N1ZX1Vw5lIpgulLQA==

"@rollup/rollup-android-arm64@4.6.1":
  version "4.6.1"
  resolved "https://registry.npmjs.org/@rollup/rollup-android-arm64/-/rollup-android-arm64-4.6.1.tgz#27c8c67fc5de574874085a1b480ac65b3e18378e"
  integrity sha512-1TKm25Rn20vr5aTGGZqo6E4mzPicCUD79k17EgTLAsXc1zysyi4xXKACfUbwyANEPAEIxkzwue6JZ+stYzWUTA==

"@rollup/rollup-darwin-arm64@4.6.1":
  version "4.6.1"
  resolved "https://registry.npmjs.org/@rollup/rollup-darwin-arm64/-/rollup-darwin-arm64-4.6.1.tgz#c5735c042980c85495411af7183dd20294763bd8"
  integrity sha512-cEXJQY/ZqMACb+nxzDeX9IPLAg7S94xouJJCNVE5BJM8JUEP4HeTF+ti3cmxWeSJo+5D+o8Tc0UAWUkfENdeyw==

"@rollup/rollup-darwin-x64@4.6.1":
  version "4.6.1"
  resolved "https://registry.npmjs.org/@rollup/rollup-darwin-x64/-/rollup-darwin-x64-4.6.1.tgz#af844bd54abb73ca3c9cf89a31eec17861d1375d"
  integrity sha512-LoSU9Xu56isrkV2jLldcKspJ7sSXmZWkAxg7sW/RfF7GS4F5/v4EiqKSMCFbZtDu2Nc1gxxFdQdKwkKS4rwxNg==

"@rollup/rollup-linux-arm-gnueabihf@4.6.1":
  version "4.6.1"
  resolved "https://registry.npmjs.org/@rollup/rollup-linux-arm-gnueabihf/-/rollup-linux-arm-gnueabihf-4.6.1.tgz#5e972f63c441eaf859551039b3f18db9b035977d"
  integrity sha512-EfI3hzYAy5vFNDqpXsNxXcgRDcFHUWSx5nnRSCKwXuQlI5J9dD84g2Usw81n3FLBNsGCegKGwwTVsSKK9cooSQ==

"@rollup/rollup-linux-arm64-gnu@4.6.1":
  version "4.6.1"
  resolved "https://registry.npmjs.org/@rollup/rollup-linux-arm64-gnu/-/rollup-linux-arm64-gnu-4.6.1.tgz#f4cfbc71e3b6fdb395b28b1472414e181515c72d"
  integrity sha512-9lhc4UZstsegbNLhH0Zu6TqvDfmhGzuCWtcTFXY10VjLLUe4Mr0Ye2L3rrtHaDd/J5+tFMEuo5LTCSCMXWfUKw==

"@rollup/rollup-linux-arm64-musl@4.6.1":
  version "4.6.1"
  resolved "https://registry.npmjs.org/@rollup/rollup-linux-arm64-musl/-/rollup-linux-arm64-musl-4.6.1.tgz#6a94c691830dc29bf708de7c640f494996130893"
  integrity sha512-FfoOK1yP5ksX3wwZ4Zk1NgyGHZyuRhf99j64I5oEmirV8EFT7+OhUZEnP+x17lcP/QHJNWGsoJwrz4PJ9fBEXw==

"@rollup/rollup-linux-x64-gnu@4.6.1":
  version "4.6.1"
  resolved "https://registry.npmjs.org/@rollup/rollup-linux-x64-gnu/-/rollup-linux-x64-gnu-4.6.1.tgz#f07bae3f7dc532d9ea5ab36c9071db329f9a1efb"
  integrity sha512-DNGZvZDO5YF7jN5fX8ZqmGLjZEXIJRdJEdTFMhiyXqyXubBa0WVLDWSNlQ5JR2PNgDbEV1VQowhVRUh+74D+RA==

"@rollup/rollup-linux-x64-musl@4.6.1":
  version "4.6.1"
  resolved "https://registry.npmjs.org/@rollup/rollup-linux-x64-musl/-/rollup-linux-x64-musl-4.6.1.tgz#357a34fdbf410af88ce48bd802bea6462bb9a8bc"
  integrity sha512-RkJVNVRM+piYy87HrKmhbexCHg3A6Z6MU0W9GHnJwBQNBeyhCJG9KDce4SAMdicQnpURggSvtbGo9xAWOfSvIQ==

"@rollup/rollup-win32-arm64-msvc@4.6.1":
  version "4.6.1"
  resolved "https://registry.npmjs.org/@rollup/rollup-win32-arm64-msvc/-/rollup-win32-arm64-msvc-4.6.1.tgz#b6e97fd38281667e35297033393cd1101f4a31be"
  integrity sha512-v2FVT6xfnnmTe3W9bJXl6r5KwJglMK/iRlkKiIFfO6ysKs0rDgz7Cwwf3tjldxQUrHL9INT/1r4VA0n9L/F1vQ==

"@rollup/rollup-win32-ia32-msvc@4.6.1":
  version "4.6.1"
  resolved "https://registry.npmjs.org/@rollup/rollup-win32-ia32-msvc/-/rollup-win32-ia32-msvc-4.6.1.tgz#a95db026c640c8128bfd38546d85342f2329beaf"
  integrity sha512-YEeOjxRyEjqcWphH9dyLbzgkF8wZSKAKUkldRY6dgNR5oKs2LZazqGB41cWJ4Iqqcy9/zqYgmzBkRoVz3Q9MLw==

"@rollup/rollup-win32-x64-msvc@4.6.1":
  version "4.6.1"
  resolved "https://registry.npmjs.org/@rollup/rollup-win32-x64-msvc/-/rollup-win32-x64-msvc-4.6.1.tgz#45785b5caf83200a34a9867ba50d69560880c120"
  integrity sha512-0zfTlFAIhgz8V2G8STq8toAjsYYA6eci1hnXuyOTUFnymrtJwnS6uGKiv3v5UrPZkBlamLvrLV2iiaeqCKzb0A==

"@types/estree@^1.0.0":
  version "1.0.5"
  resolved "https://registry.npmjs.org/@types/estree/-/estree-1.0.5.tgz#a6ce3e556e00fd9895dd872dd172ad0d4bd687f4"
  integrity sha512-/kYRxGDLWzHOB7q+wtSUQlFrtcdUccpfy+X+9iMBpHK8QLLhx2wIPYuS5DYtR9Wa/YlZAbIovy7qVdB1Aq6Lyw==

"@types/node@^20.10.1":
  version "20.10.1"
  resolved "https://registry.npmjs.org/@types/node/-/node-20.10.1.tgz#d2c96f356c3125fedc983d74c424910c3767141c"
  integrity sha512-T2qwhjWwGH81vUEx4EXmBKsTJRXFXNZTL4v0gi01+zyBmCwzE6TyHszqX01m+QHTEq+EZNo13NeJIdEqf+Myrg==
  dependencies:
    undici-types "~5.26.4"

"@types/resolve@1.20.2":
  version "1.20.2"
  resolved "https://registry.npmjs.org/@types/resolve/-/resolve-1.20.2.tgz#97d26e00cd4a0423b4af620abecf3e6f442b7975"
  integrity sha512-60BCwRFOZCQhDncwQdxxeOEEkbc5dIMccYLwbxsS4TUNeVECQ/pBJ0j09mrHOl/JJvpRPGwO9SvE4nR2Nb/a4Q==

acorn@^8.8.2:
  version "8.11.2"
  resolved "https://registry.npmjs.org/acorn/-/acorn-8.11.2.tgz#ca0d78b51895be5390a5903c5b3bdcdaf78ae40b"
  integrity sha512-nc0Axzp/0FILLEVsm4fNwLCwMttvhEI263QtVPQcbpfZZ3ts0hLsZGOpE6czNlid7CJ9MlyH8reXkpsf3YUY4w==

buffer-from@^1.0.0:
  version "1.1.2"
  resolved "https://registry.npmjs.org/buffer-from/-/buffer-from-1.1.2.tgz#2b146a6fd72e80b4f55d255f35ed59a3a9a41bd5"
  integrity sha512-E+XQCRwSbaaiChtv6k6Dwgc+bx+Bs6vuKJHHl5kox/BaKbhiXzqQOwK4cO22yElGp2OCmjwVhT3HmxgyPGnJfQ==

builtin-modules@^3.3.0:
  version "3.3.0"
  resolved "https://registry.npmjs.org/builtin-modules/-/builtin-modules-3.3.0.tgz#cae62812b89801e9656336e46223e030386be7b6"
  integrity sha512-zhaCDicdLuWN5UbN5IMnFqNMhNfo919sH85y2/ea+5Yg9TsTkeZxpL+JLbp6cgYFS4sRLp3YV4S6yDuqVWHYOw==

commander@^2.20.0:
  version "2.20.3"
  resolved "https://registry.npmjs.org/commander/-/commander-2.20.3.tgz#fd485e84c03eb4881c20722ba48035e8531aeb33"
  integrity sha512-GpVkmM8vF2vQUkj2LvZmD35JxeJOLCwJ9cUkugyk2nuhbv3+mJvpLYYt+0+USMxE+oj+ey/lJEnhZw75x/OMcQ==

deepmerge@^4.2.2:
  version "4.3.1"
  resolved "https://registry.npmjs.org/deepmerge/-/deepmerge-4.3.1.tgz#44b5f2147cd3b00d4b56137685966f26fd25dd4a"
  integrity sha512-3sUqbMEc77XqpdNO7FRyRog+eW3ph+GYCbj+rK+uYyRMuwsVy0rMiVtPn+QJlKFvWP/1PYpapqYn0Me2knFn+A==

estree-walker@^2.0.2:
  version "2.0.2"
  resolved "https://registry.npmjs.org/estree-walker/-/estree-walker-2.0.2.tgz#52f010178c2a4c117a7757cfe942adb7d2da4cac"
  integrity sha512-Rfkk/Mp/DL7JVje3u18FxFujQlTNR2q6QfMSMB7AvCBx91NGj/ba3kCfza0f6dVDbw7YlRf/nDrn7pQrCCyQ/w==

fsevents@~2.3.2:
  version "2.3.3"
  resolved "https://registry.npmjs.org/fsevents/-/fsevents-2.3.3.tgz#cac6407785d03675a2a5e1a5305c697b347d90d6"
  integrity sha512-5xoDfX+fL7faATnagmWPpbFtwh/R77WmMMqqHGS65C3vvB0YHrgF+B1YmZ3441tMj5n63k0212XNoJwzlhffQw==

function-bind@^1.1.2:
  version "1.1.2"
  resolved "https://registry.npmjs.org/function-bind/-/function-bind-1.1.2.tgz#2c02d864d97f3ea6c8830c464cbd11ab6eab7a1c"
  integrity sha512-7XHNxH7qX9xG5mIwxkhumTox/MIRNcOgDrxWsMt2pAr23WHp6MrRlN7FBSFpCpr+oVO0F744iUgR82nJMfG2SA==

fuzzysort@^2.0.4:
  version "2.0.4"
  resolved "https://registry.npmjs.org/fuzzysort/-/fuzzysort-2.0.4.tgz#a21d1ce8947eaf2797dc3b7c28c36db9d1165f84"
  integrity sha512-Api1mJL+Ad7W7vnDZnWq5pGaXJjyencT+iKGia2PlHUcSsSzWwIQ3S1isiMpwpavjYtGd2FzhUIhnnhOULZgDw==

hasown@^2.0.0:
  version "2.0.0"
  resolved "https://registry.npmjs.org/hasown/-/hasown-2.0.0.tgz#f4c513d454a57b7c7e1650778de226b11700546c"
  integrity sha512-vUptKVTpIJhcczKBbgnS+RtcuYMB8+oNzPK2/Hp3hanz8JmpATdmmgLgSaadVREkDm+e2giHwY3ZRkyjSIDDFA==
  dependencies:
    function-bind "^1.1.2"

is-builtin-module@^3.2.1:
  version "3.2.1"
  resolved "https://registry.npmjs.org/is-builtin-module/-/is-builtin-module-3.2.1.tgz#f03271717d8654cfcaf07ab0463faa3571581169"
  integrity sha512-BSLE3HnV2syZ0FK0iMA/yUGplUeMmNz4AW5fnTunbCIqZi4vG3WjJT9FHMy5D69xmAYBHXQhJdALdpwVxV501A==
  dependencies:
    builtin-modules "^3.3.0"

is-core-module@^2.13.0:
  version "2.13.1"
  resolved "https://registry.npmjs.org/is-core-module/-/is-core-module-2.13.1.tgz#ad0d7532c6fea9da1ebdc82742d74525c6273384"
  integrity sha512-hHrIjvZsftOsvKSn2TRYl63zvxsgE0K+0mYMoH6gD4omR5IWB2KynivBQczo3+wF1cCkjzvptnI9Q0sPU66ilw==
  dependencies:
    hasown "^2.0.0"

is-module@^1.0.0:
  version "1.0.0"
  resolved "https://registry.npmjs.org/is-module/-/is-module-1.0.0.tgz#3258fb69f78c14d5b815d664336b4cffb6441591"
  integrity sha512-51ypPSPCoTEIN9dy5Oy+h4pShgJmPCygKfyRCISBI+JoWT/2oJvK8QPxmwv7b/p239jXrm9M1mlQbyKJ5A152g==

path-parse@^1.0.7:
  version "1.0.7"
  resolved "https://registry.npmjs.org/path-parse/-/path-parse-1.0.7.tgz#fbc114b60ca42b30d9daf5858e4bd68bbedb6735"
  integrity sha512-LDJzPVEEEPR+y48z93A0Ed0yXb8pAByGWo/k5YYdYgpY2/2EsOsksJrq7lOHxryrVOn1ejG6oAp8ahvOIQD8sw==

picomatch@^2.3.1:
  version "2.3.1"
  resolved "https://registry.npmjs.org/picomatch/-/picomatch-2.3.1.tgz#3ba3833733646d9d3e4995946c1365a67fb07a42"
  integrity sha512-JU3teHTNjmE2VCGFzuY8EXzCDVwEqB2a8fsIvwaStHhAWJEeVd1o1QD80CU6+ZdEXXSLbSsuLwJjkCBWqRQUVA==

prettier@^3.1.0:
  version "3.1.0"
  resolved "https://registry.npmjs.org/prettier/-/prettier-3.1.0.tgz#c6d16474a5f764ea1a4a373c593b779697744d5e"
  integrity sha512-TQLvXjq5IAibjh8EpBIkNKxO749UEWABoiIZehEPiY4GNpVdhaFKqSTu+QrlU6D2dPAfubRmtJTi4K4YkQ5eXw==

randombytes@^2.1.0:
  version "2.1.0"
  resolved "https://registry.npmjs.org/randombytes/-/randombytes-2.1.0.tgz#df6f84372f0270dc65cdf6291349ab7a473d4f2a"
  integrity sha512-vYl3iOX+4CKUWuxGi9Ukhie6fsqXqS9FE2Zaic4tNFD2N2QQaXOMFbuKK4QmDHC0JO6B1Zp41J0LpT0oR68amQ==
  dependencies:
    safe-buffer "^5.1.0"

resolve@^1.22.1:
  version "1.22.8"
  resolved "https://registry.npmjs.org/resolve/-/resolve-1.22.8.tgz#b6c87a9f2aa06dfab52e3d70ac8cde321fa5a48d"
  integrity sha512-oKWePCxqpd6FlLvGV1VU0x7bkPmmCNolxzjMf4NczoDnQcIWrAF+cPtZn5i6n+RfD2d9i0tzpKnG6Yk168yIyw==
  dependencies:
    is-core-module "^2.13.0"
    path-parse "^1.0.7"
    supports-preserve-symlinks-flag "^1.0.0"

rollup@^4.6.1:
  version "4.6.1"
  resolved "https://registry.npmjs.org/rollup/-/rollup-4.6.1.tgz#351501c86b5b4f976dde8c5837516452b59921f8"
  integrity sha512-jZHaZotEHQaHLgKr8JnQiDT1rmatjgKlMekyksz+yk9jt/8z9quNjnKNRoaM0wd9DC2QKXjmWWuDYtM3jfF8pQ==
  optionalDependencies:
    "@rollup/rollup-android-arm-eabi" "4.6.1"
    "@rollup/rollup-android-arm64" "4.6.1"
    "@rollup/rollup-darwin-arm64" "4.6.1"
    "@rollup/rollup-darwin-x64" "4.6.1"
    "@rollup/rollup-linux-arm-gnueabihf" "4.6.1"
    "@rollup/rollup-linux-arm64-gnu" "4.6.1"
    "@rollup/rollup-linux-arm64-musl" "4.6.1"
    "@rollup/rollup-linux-x64-gnu" "4.6.1"
    "@rollup/rollup-linux-x64-musl" "4.6.1"
    "@rollup/rollup-win32-arm64-msvc" "4.6.1"
    "@rollup/rollup-win32-ia32-msvc" "4.6.1"
    "@rollup/rollup-win32-x64-msvc" "4.6.1"
    fsevents "~2.3.2"

safe-buffer@^5.1.0:
  version "5.2.1"
  resolved "https://registry.npmjs.org/safe-buffer/-/safe-buffer-5.2.1.tgz#1eaf9fa9bdb1fdd4ec75f58f9cdb4e6b7827eec6"
  integrity sha512-rp3So07KcdmmKbGvgaNxQSJr7bGVSVk5S9Eq1F+ppbRo70+YeaDxkw5Dd8NPN+GD6bjnYm2VuPuCXmpuYvmCXQ==

serialize-javascript@^6.0.1:
  version "6.0.1"
  resolved "https://registry.npmjs.org/serialize-javascript/-/serialize-javascript-6.0.1.tgz#b206efb27c3da0b0ab6b52f48d170b7996458e5c"
  integrity sha512-owoXEFjWRllis8/M1Q+Cw5k8ZH40e3zhp/ovX+Xr/vi1qj6QesbyXXViFbpNvWvPNAD62SutwEXavefrLJWj7w==
  dependencies:
    randombytes "^2.1.0"

smob@^1.0.0:
  version "1.4.1"
  resolved "https://registry.npmjs.org/smob/-/smob-1.4.1.tgz#66270e7df6a7527664816c5b577a23f17ba6f5b5"
  integrity sha512-9LK+E7Hv5R9u4g4C3p+jjLstaLe11MDsL21UpYaCNmapvMkYhqCV4A/f/3gyH8QjMyh6l68q9xC85vihY9ahMQ==

source-map-support@~0.5.20:
  version "0.5.21"
  resolved "https://registry.npmjs.org/source-map-support/-/source-map-support-0.5.21.tgz#04fe7c7f9e1ed2d662233c28cb2b35b9f63f6e4f"
  integrity sha512-uBHU3L3czsIyYXKX88fdrGovxdSCoTGDRZ6SYXtSRxLZUzHg5P/66Ht6uoUlHu9EZod+inXhKo3qQgwXUT/y1w==
  dependencies:
    buffer-from "^1.0.0"
    source-map "^0.6.0"

source-map@^0.6.0:
  version "0.6.1"
  resolved "https://registry.npmjs.org/source-map/-/source-map-0.6.1.tgz#74722af32e9614e9c287a8d0bbde48b5e2f1a263"
  integrity sha512-UjgapumWlbMhkBgzT7Ykc5YXUT46F0iKu8SGXq0bcwP5dz/h0Plj6enJqjz1Zbq2l5WaqYnrVbwWOWMyF3F47g==

supports-preserve-symlinks-flag@^1.0.0:
  version "1.0.0"
  resolved "https://registry.npmjs.org/supports-preserve-symlinks-flag/-/supports-preserve-symlinks-flag-1.0.0.tgz#6eda4bd344a3c94aea376d4cc31bc77311039e09"
  integrity sha512-ot0WnXS9fgdkgIcePe6RHNk1WA8+muPa6cSjeR3V8K27q9BB1rTE3R1p7Hv0z1ZyAc8s6Vvv8DIyWf681MAt0w==

terser@^5.17.4:
  version "5.24.0"
  resolved "https://registry.npmjs.org/terser/-/terser-5.24.0.tgz#4ae50302977bca4831ccc7b4fef63a3c04228364"
  integrity sha512-ZpGR4Hy3+wBEzVEnHvstMvqpD/nABNelQn/z2r0fjVWGQsN3bpOLzQlqDxmb4CDZnXq5lpjnQ+mHQLAOpfM5iw==
  dependencies:
    "@jridgewell/source-map" "^0.3.3"
    acorn "^8.8.2"
    commander "^2.20.0"
    source-map-support "~0.5.20"

typescript@^5.3.2:
  version "5.3.2"
  resolved "https://registry.npmjs.org/typescript/-/typescript-5.3.2.tgz#00d1c7c1c46928c5845c1ee8d0cc2791031d4c43"
  integrity sha512-6l+RyNy7oAHDfxC4FzSJcz9vnjTKxrLpDG5M2Vu4SHRVNg6xzqZp6LYSR9zjqQTu8DU/f5xwxUdADOkbrIX2gQ==

undici-types@~5.26.4:
  version "5.26.5"
  resolved "https://registry.npmjs.org/undici-types/-/undici-types-5.26.5.tgz#bcd539893d00b56e964fd2657a4866b221a65617"
  integrity sha512-JlCMO+ehdEIKqlFxk6IfVoAUVmgz7cU7zD/h9XZ0qzeosSHmUJVOzSQvvYSYWXkFXC+IfLKSIffhv0sVZup6pA==
